// !$*UTF8*$!
{
	archiveVersion = 1;
	classes = {
	};
	objectVersion = 52;
	objects = {

/* Begin PBXBuildFile section */
		F307B6E023F13FF200FA264E /* FlightBoardTimelineListItemView.swift in Sources */ = {isa = PBXBuildFile; fileRef = F307B6DF23F13FF200FA264E /* FlightBoardTimelineListItemView.swift */; };
		F307B6E223F1405500FA264E /* FlightBoardTimelineListItemView+ViewModel.swift in Sources */ = {isa = PBXBuildFile; fileRef = F307B6E123F1405500FA264E /* FlightBoardTimelineListItemView+ViewModel.swift */; };
		F307B6EA23F1974800FA264E /* GridView.swift in Sources */ = {isa = PBXBuildFile; fileRef = F307B6E923F1974800FA264E /* GridView.swift */; };
		F307B6EB23F198DD00FA264E /* AwardsGridView.swift in Sources */ = {isa = PBXBuildFile; fileRef = F307B6E623F1937F00FA264E /* AwardsGridView.swift */; };
		F307B6EC23F198E000FA264E /* AwardsGridView+ViewModel.swift in Sources */ = {isa = PBXBuildFile; fileRef = F307B6E723F193A100FA264E /* AwardsGridView+ViewModel.swift */; };
		F307B6EF23F1A0E900FA264E /* Burritos in Frameworks */ = {isa = PBXBuildFile; productRef = F307B6EE23F1A0E900FA264E /* Burritos */; };
		F307B6F123F290CC00FA264E /* GridViewDemo.swift in Sources */ = {isa = PBXBuildFile; fileRef = F307B6F023F290CC00FA264E /* GridViewDemo.swift */; };
		F307B6F323F2959800FA264E /* DemoIntroView.swift in Sources */ = {isa = PBXBuildFile; fileRef = F307B6F223F2959800FA264E /* DemoIntroView.swift */; };
		F3AE8393236C20210017AF2C /* AppDelegate.swift in Sources */ = {isa = PBXBuildFile; fileRef = F3AE8392236C20210017AF2C /* AppDelegate.swift */; };
		F3AE8395236C20210017AF2C /* SceneDelegate.swift in Sources */ = {isa = PBXBuildFile; fileRef = F3AE8394236C20210017AF2C /* SceneDelegate.swift */; };
		F3AE8399236C20240017AF2C /* Assets.xcassets in Resources */ = {isa = PBXBuildFile; fileRef = F3AE8398236C20240017AF2C /* Assets.xcassets */; };
		F3AE839C236C20240017AF2C /* Preview Assets.xcassets in Resources */ = {isa = PBXBuildFile; fileRef = F3AE839B236C20240017AF2C /* Preview Assets.xcassets */; };
		F3AE839F236C20240017AF2C /* LaunchScreen.storyboard in Resources */ = {isa = PBXBuildFile; fileRef = F3AE839D236C20240017AF2C /* LaunchScreen.storyboard */; };
		F3AE83A8236C204F0017AF2C /* CypherPoetSwiftUIKit in Frameworks */ = {isa = PBXBuildFile; productRef = F3AE83A7236C204F0017AF2C /* CypherPoetSwiftUIKit */; };
		F3AE83B0236C209E0017AF2C /* EntryView.swift in Sources */ = {isa = PBXBuildFile; fileRef = F3AE83AF236C209E0017AF2C /* EntryView.swift */; };
		F3AE83B2236C20F10017AF2C /* FlightInformation.swift in Sources */ = {isa = PBXBuildFile; fileRef = F3AE83B1236C20F10017AF2C /* FlightInformation.swift */; };
		F3AE83B4236C21120017AF2C /* FlightHistory.swift in Sources */ = {isa = PBXBuildFile; fileRef = F3AE83B3236C21120017AF2C /* FlightHistory.swift */; };
		F3AE83B6236C22850017AF2C /* FlightInformationState.swift in Sources */ = {isa = PBXBuildFile; fileRef = F3AE83B5236C22850017AF2C /* FlightInformationState.swift */; };
		F3AE83B8236C22940017AF2C /* AppState.swift in Sources */ = {isa = PBXBuildFile; fileRef = F3AE83B7236C22940017AF2C /* AppState.swift */; };
		F3AE83BB236C24740017AF2C /* FlightDirection.swift in Sources */ = {isa = PBXBuildFile; fileRef = F3AE83BA236C24740017AF2C /* FlightDirection.swift */; };
		F3AE83BD236C24860017AF2C /* FlightStatus.swift in Sources */ = {isa = PBXBuildFile; fileRef = F3AE83BC236C24860017AF2C /* FlightStatus.swift */; };
		F3AE83E0236C35E50017AF2C /* SampleData.swift in Sources */ = {isa = PBXBuildFile; fileRef = F3AE83DF236C35E50017AF2C /* SampleData.swift */; };
		F3AE83E3236C36A10017AF2C /* FlightBoard.swift in Sources */ = {isa = PBXBuildFile; fileRef = F3AE83E2236C36A10017AF2C /* FlightBoard.swift */; };
		F3AE83ED236D4B4A0017AF2C /* StackEntryView.swift in Sources */ = {isa = PBXBuildFile; fileRef = F3AE83EC236D4B4A0017AF2C /* StackEntryView.swift */; };
		F3AE83EF236D5F540017AF2C /* FlightBoardContainerView.swift in Sources */ = {isa = PBXBuildFile; fileRef = F3AE83EE236D5F540017AF2C /* FlightBoardContainerView.swift */; };
		F3AE83F1236D5F7D0017AF2C /* FlightBoardViewModel.swift in Sources */ = {isa = PBXBuildFile; fileRef = F3AE83F0236D5F7D0017AF2C /* FlightBoardViewModel.swift */; };
		F3AE841C236DD8140017AF2C /* FlightBoardListItem.swift in Sources */ = {isa = PBXBuildFile; fileRef = F3AE841B236DD8140017AF2C /* FlightBoardListItem.swift */; };
		F3AE841F236DDBED0017AF2C /* FlightBoardItemDetails.swift in Sources */ = {isa = PBXBuildFile; fileRef = F3AE841E236DDBED0017AF2C /* FlightBoardItemDetails.swift */; };
		F3B6562423EAFC8400959505 /* AwardsContainerView.swift in Sources */ = {isa = PBXBuildFile; fileRef = F3B6562323EAFC8400959505 /* AwardsContainerView.swift */; };
		F3B6562623EAFE4500959505 /* Award.swift in Sources */ = {isa = PBXBuildFile; fileRef = F3B6562523EAFE4500959505 /* Award.swift */; };
		F3B6562823EAFEB900959505 /* AwardsState.swift in Sources */ = {isa = PBXBuildFile; fileRef = F3B6562723EAFEB900959505 /* AwardsState.swift */; };
		F3B6562B23EB044400959505 /* Award+Computeds.swift in Sources */ = {isa = PBXBuildFile; fileRef = F3B6562A23EB044400959505 /* Award+Computeds.swift */; };
		F3B6562E23EB06FF00959505 /* FirstVisitAwardView.swift in Sources */ = {isa = PBXBuildFile; fileRef = F3B6562D23EB06FF00959505 /* FirstVisitAwardView.swift */; };
		F3B6563023EB176100959505 /* AwardsListView.swift in Sources */ = {isa = PBXBuildFile; fileRef = F3B6562F23EB176100959505 /* AwardsListView.swift */; };
		F3B6563223EB178C00959505 /* AwardsListView+ViewModel.swift in Sources */ = {isa = PBXBuildFile; fileRef = F3B6563123EB178C00959505 /* AwardsListView+ViewModel.swift */; };
		F3B6563423EB7E1600959505 /* RideShareToAirportAwardView.swift in Sources */ = {isa = PBXBuildFile; fileRef = F3B6563323EB7E1600959505 /* RideShareToAirportAwardView.swift */; };
		F3B6563623EB8C9500959505 /* Award+BadgeView.swift in Sources */ = {isa = PBXBuildFile; fileRef = F3B6563523EB8C9500959505 /* Award+BadgeView.swift */; };
		F3B6563923EB9F3E00959505 /* AirportLoungeAwardView.swift in Sources */ = {isa = PBXBuildFile; fileRef = F3B6563823EB9F3E00959505 /* AirportLoungeAwardView.swift */; };
		F3B6563B23EBB15E00959505 /* FlightBoardItemDetails+ViewModel.swift in Sources */ = {isa = PBXBuildFile; fileRef = F3B6563A23EBB15E00959505 /* FlightBoardItemDetails+ViewModel.swift */; };
		F3B6563E23EC979A00959505 /* FlightGateDetailsView.swift in Sources */ = {isa = PBXBuildFile; fileRef = F3B6563D23EC979A00959505 /* FlightGateDetailsView.swift */; };
		F3B6564023EC97A800959505 /* FlightGateDetailsView+ViewModel.swift in Sources */ = {isa = PBXBuildFile; fileRef = F3B6563F23EC97A800959505 /* FlightGateDetailsView+ViewModel.swift */; };
/* End PBXBuildFile section */

/* Begin PBXFileReference section */
		F307B6DF23F13FF200FA264E /* FlightBoardTimelineListItemView.swift */ = {isa = PBXFileReference; lastKnownFileType = sourcecode.swift; path = FlightBoardTimelineListItemView.swift; sourceTree = "<group>"; };
		F307B6E123F1405500FA264E /* FlightBoardTimelineListItemView+ViewModel.swift */ = {isa = PBXFileReference; lastKnownFileType = sourcecode.swift; path = "FlightBoardTimelineListItemView+ViewModel.swift"; sourceTree = "<group>"; };
		F307B6E623F1937F00FA264E /* AwardsGridView.swift */ = {isa = PBXFileReference; lastKnownFileType = sourcecode.swift; path = AwardsGridView.swift; sourceTree = "<group>"; };
		F307B6E723F193A100FA264E /* AwardsGridView+ViewModel.swift */ = {isa = PBXFileReference; lastKnownFileType = sourcecode.swift; path = "AwardsGridView+ViewModel.swift"; sourceTree = "<group>"; };
		F307B6E923F1974800FA264E /* GridView.swift */ = {isa = PBXFileReference; lastKnownFileType = sourcecode.swift; path = GridView.swift; sourceTree = "<group>"; };
		F307B6F023F290CC00FA264E /* GridViewDemo.swift */ = {isa = PBXFileReference; lastKnownFileType = sourcecode.swift; path = GridViewDemo.swift; sourceTree = "<group>"; };
		F307B6F223F2959800FA264E /* DemoIntroView.swift */ = {isa = PBXFileReference; lastKnownFileType = sourcecode.swift; path = DemoIntroView.swift; sourceTree = "<group>"; };
		F3AE838F236C20210017AF2C /* MountainAirport.app */ = {isa = PBXFileReference; explicitFileType = wrapper.application; includeInIndex = 0; path = MountainAirport.app; sourceTree = BUILT_PRODUCTS_DIR; };
		F3AE8392236C20210017AF2C /* AppDelegate.swift */ = {isa = PBXFileReference; lastKnownFileType = sourcecode.swift; path = AppDelegate.swift; sourceTree = "<group>"; };
		F3AE8394236C20210017AF2C /* SceneDelegate.swift */ = {isa = PBXFileReference; lastKnownFileType = sourcecode.swift; path = SceneDelegate.swift; sourceTree = "<group>"; };
		F3AE8398236C20240017AF2C /* Assets.xcassets */ = {isa = PBXFileReference; lastKnownFileType = folder.assetcatalog; path = Assets.xcassets; sourceTree = "<group>"; };
		F3AE839B236C20240017AF2C /* Preview Assets.xcassets */ = {isa = PBXFileReference; lastKnownFileType = folder.assetcatalog; path = "Preview Assets.xcassets"; sourceTree = "<group>"; };
		F3AE839E236C20240017AF2C /* Base */ = {isa = PBXFileReference; lastKnownFileType = file.storyboard; name = Base; path = Base.lproj/LaunchScreen.storyboard; sourceTree = "<group>"; };
		F3AE83A0236C20240017AF2C /* Info.plist */ = {isa = PBXFileReference; lastKnownFileType = text.plist.xml; path = Info.plist; sourceTree = "<group>"; };
		F3AE83AF236C209E0017AF2C /* EntryView.swift */ = {isa = PBXFileReference; lastKnownFileType = sourcecode.swift; path = EntryView.swift; sourceTree = "<group>"; };
		F3AE83B1236C20F10017AF2C /* FlightInformation.swift */ = {isa = PBXFileReference; lastKnownFileType = sourcecode.swift; path = FlightInformation.swift; sourceTree = "<group>"; };
		F3AE83B3236C21120017AF2C /* FlightHistory.swift */ = {isa = PBXFileReference; lastKnownFileType = sourcecode.swift; path = FlightHistory.swift; sourceTree = "<group>"; };
		F3AE83B5236C22850017AF2C /* FlightInformationState.swift */ = {isa = PBXFileReference; lastKnownFileType = sourcecode.swift; path = FlightInformationState.swift; sourceTree = "<group>"; };
		F3AE83B7236C22940017AF2C /* AppState.swift */ = {isa = PBXFileReference; lastKnownFileType = sourcecode.swift; path = AppState.swift; sourceTree = "<group>"; };
		F3AE83BA236C24740017AF2C /* FlightDirection.swift */ = {isa = PBXFileReference; lastKnownFileType = sourcecode.swift; path = FlightDirection.swift; sourceTree = "<group>"; };
		F3AE83BC236C24860017AF2C /* FlightStatus.swift */ = {isa = PBXFileReference; lastKnownFileType = sourcecode.swift; path = FlightStatus.swift; sourceTree = "<group>"; };
		F3AE83DF236C35E50017AF2C /* SampleData.swift */ = {isa = PBXFileReference; lastKnownFileType = sourcecode.swift; path = SampleData.swift; sourceTree = "<group>"; };
		F3AE83E2236C36A10017AF2C /* FlightBoard.swift */ = {isa = PBXFileReference; lastKnownFileType = sourcecode.swift; path = FlightBoard.swift; sourceTree = "<group>"; };
		F3AE83EC236D4B4A0017AF2C /* StackEntryView.swift */ = {isa = PBXFileReference; lastKnownFileType = sourcecode.swift; name = StackEntryView.swift; path = MountainAirport/Scenes/StackEntryView.swift; sourceTree = SOURCE_ROOT; };
		F3AE83EE236D5F540017AF2C /* FlightBoardContainerView.swift */ = {isa = PBXFileReference; lastKnownFileType = sourcecode.swift; path = FlightBoardContainerView.swift; sourceTree = "<group>"; };
		F3AE83F0236D5F7D0017AF2C /* FlightBoardViewModel.swift */ = {isa = PBXFileReference; lastKnownFileType = sourcecode.swift; path = FlightBoardViewModel.swift; sourceTree = "<group>"; };
		F3AE841B236DD8140017AF2C /* FlightBoardListItem.swift */ = {isa = PBXFileReference; lastKnownFileType = sourcecode.swift; path = FlightBoardListItem.swift; sourceTree = "<group>"; };
		F3AE841E236DDBED0017AF2C /* FlightBoardItemDetails.swift */ = {isa = PBXFileReference; lastKnownFileType = sourcecode.swift; path = FlightBoardItemDetails.swift; sourceTree = "<group>"; };
		F3B6562323EAFC8400959505 /* AwardsContainerView.swift */ = {isa = PBXFileReference; lastKnownFileType = sourcecode.swift; path = AwardsContainerView.swift; sourceTree = "<group>"; };
		F3B6562523EAFE4500959505 /* Award.swift */ = {isa = PBXFileReference; lastKnownFileType = sourcecode.swift; path = Award.swift; sourceTree = "<group>"; };
		F3B6562723EAFEB900959505 /* AwardsState.swift */ = {isa = PBXFileReference; lastKnownFileType = sourcecode.swift; path = AwardsState.swift; sourceTree = "<group>"; };
		F3B6562A23EB044400959505 /* Award+Computeds.swift */ = {isa = PBXFileReference; lastKnownFileType = sourcecode.swift; path = "Award+Computeds.swift"; sourceTree = "<group>"; };
		F3B6562D23EB06FF00959505 /* FirstVisitAwardView.swift */ = {isa = PBXFileReference; lastKnownFileType = sourcecode.swift; path = FirstVisitAwardView.swift; sourceTree = "<group>"; };
		F3B6562F23EB176100959505 /* AwardsListView.swift */ = {isa = PBXFileReference; lastKnownFileType = sourcecode.swift; path = AwardsListView.swift; sourceTree = "<group>"; };
		F3B6563123EB178C00959505 /* AwardsListView+ViewModel.swift */ = {isa = PBXFileReference; lastKnownFileType = sourcecode.swift; path = "AwardsListView+ViewModel.swift"; sourceTree = "<group>"; };
		F3B6563323EB7E1600959505 /* RideShareToAirportAwardView.swift */ = {isa = PBXFileReference; lastKnownFileType = sourcecode.swift; path = RideShareToAirportAwardView.swift; sourceTree = "<group>"; };
		F3B6563523EB8C9500959505 /* Award+BadgeView.swift */ = {isa = PBXFileReference; lastKnownFileType = sourcecode.swift; path = "Award+BadgeView.swift"; sourceTree = "<group>"; };
		F3B6563823EB9F3E00959505 /* AirportLoungeAwardView.swift */ = {isa = PBXFileReference; lastKnownFileType = sourcecode.swift; path = AirportLoungeAwardView.swift; sourceTree = "<group>"; };
		F3B6563A23EBB15E00959505 /* FlightBoardItemDetails+ViewModel.swift */ = {isa = PBXFileReference; lastKnownFileType = sourcecode.swift; path = "FlightBoardItemDetails+ViewModel.swift"; sourceTree = "<group>"; };
		F3B6563D23EC979A00959505 /* FlightGateDetailsView.swift */ = {isa = PBXFileReference; lastKnownFileType = sourcecode.swift; path = FlightGateDetailsView.swift; sourceTree = "<group>"; };
		F3B6563F23EC97A800959505 /* FlightGateDetailsView+ViewModel.swift */ = {isa = PBXFileReference; lastKnownFileType = sourcecode.swift; path = "FlightGateDetailsView+ViewModel.swift"; sourceTree = "<group>"; };
/* End PBXFileReference section */

/* Begin PBXFrameworksBuildPhase section */
		F3AE838C236C20210017AF2C /* Frameworks */ = {
			isa = PBXFrameworksBuildPhase;
			buildActionMask = 2147483647;
			files = (
				F307B6EF23F1A0E900FA264E /* Burritos in Frameworks */,
				F3AE83A8236C204F0017AF2C /* CypherPoetSwiftUIKit in Frameworks */,
			);
			runOnlyForDeploymentPostprocessing = 0;
		};
/* End PBXFrameworksBuildPhase section */

/* Begin PBXGroup section */
		F307B6DE23F13FB600FA264E /* List Item */ = {
			isa = PBXGroup;
			children = (
				F3AE841B236DD8140017AF2C /* FlightBoardListItem.swift */,
				F307B6DF23F13FF200FA264E /* FlightBoardTimelineListItemView.swift */,
				F307B6E123F1405500FA264E /* FlightBoardTimelineListItemView+ViewModel.swift */,
			);
			path = "List Item";
			sourceTree = "<group>";
		};
		F307B6E323F1934900FA264E /* Awards List */ = {
			isa = PBXGroup;
			children = (
				F3B6562F23EB176100959505 /* AwardsListView.swift */,
				F3B6563123EB178C00959505 /* AwardsListView+ViewModel.swift */,
			);
			path = "Awards List";
			sourceTree = "<group>";
		};
		F307B6E523F1936F00FA264E /* Awards Grid */ = {
			isa = PBXGroup;
			children = (
				F307B6E623F1937F00FA264E /* AwardsGridView.swift */,
				F307B6E723F193A100FA264E /* AwardsGridView+ViewModel.swift */,
			);
			path = "Awards Grid";
			sourceTree = "<group>";
		};
		F307B6E823F1973700FA264E /* Grid View */ = {
			isa = PBXGroup;
			children = (
				F307B6E923F1974800FA264E /* GridView.swift */,
			);
			path = "Grid View";
			sourceTree = "<group>";
		};
		F3AE8386236C20210017AF2C = {
			isa = PBXGroup;
			children = (
				F3AE8391236C20210017AF2C /* MountainAirport */,
				F3AE8390236C20210017AF2C /* Products */,
			);
			sourceTree = "<group>";
		};
		F3AE8390236C20210017AF2C /* Products */ = {
			isa = PBXGroup;
			children = (
				F3AE838F236C20210017AF2C /* MountainAirport.app */,
			);
			name = Products;
			sourceTree = "<group>";
		};
		F3AE8391236C20210017AF2C /* MountainAirport */ = {
			isa = PBXGroup;
			children = (
				F3AE83A0236C20240017AF2C /* Info.plist */,
				F3AE8392236C20210017AF2C /* AppDelegate.swift */,
				F3AE8394236C20210017AF2C /* SceneDelegate.swift */,
				F3AE83A9236C20550017AF2C /* Data */,
				F3AE839D236C20240017AF2C /* LaunchScreen.storyboard */,
				F3AE839A236C20240017AF2C /* Preview Content */,
				F3AE83AE236C207A0017AF2C /* Resources */,
				F3AE83AC236C20620017AF2C /* Reusables */,
				F3AE83AD236C20670017AF2C /* Scenes */,
			);
			path = MountainAirport;
			sourceTree = "<group>";
		};
		F3AE839A236C20240017AF2C /* Preview Content */ = {
			isa = PBXGroup;
			children = (
				F3AE83DE236C35CC0017AF2C /* Sample Data */,
				F3AE839B236C20240017AF2C /* Preview Assets.xcassets */,
			);
			path = "Preview Content";
			sourceTree = "<group>";
		};
		F3AE83A9236C20550017AF2C /* Data */ = {
			isa = PBXGroup;
			children = (
				F3AE83B9236C24550017AF2C /* Constants */,
				F3AE83AB236C205C0017AF2C /* Models */,
				F3AE83AA236C20590017AF2C /* State */,
			);
			path = Data;
			sourceTree = "<group>";
		};
		F3AE83AA236C20590017AF2C /* State */ = {
			isa = PBXGroup;
			children = (
				F3AE83B5236C22850017AF2C /* FlightInformationState.swift */,
				F3B6562723EAFEB900959505 /* AwardsState.swift */,
				F3AE83B7236C22940017AF2C /* AppState.swift */,
			);
			path = State;
			sourceTree = "<group>";
		};
		F3AE83AB236C205C0017AF2C /* Models */ = {
			isa = PBXGroup;
			children = (
				F3AE83B1236C20F10017AF2C /* FlightInformation.swift */,
				F3AE83B3236C21120017AF2C /* FlightHistory.swift */,
				F3B6562923EB043000959505 /* Awards */,
			);
			path = Models;
			sourceTree = "<group>";
		};
		F3AE83AC236C20620017AF2C /* Reusables */ = {
			isa = PBXGroup;
			children = (
				F3B6562C23EB06E900959505 /* Views */,
			);
			path = Reusables;
			sourceTree = "<group>";
		};
		F3AE83AD236C20670017AF2C /* Scenes */ = {
			isa = PBXGroup;
			children = (
				F3AE83AF236C209E0017AF2C /* EntryView.swift */,
				F307B6F023F290CC00FA264E /* GridViewDemo.swift */,
				F307B6F223F2959800FA264E /* DemoIntroView.swift */,
				F3AE83EC236D4B4A0017AF2C /* StackEntryView.swift */,
				F3B6562223EAFC4E00959505 /* Awards */,
				F3AE83E1236C36940017AF2C /* Flight Board */,
			);
			path = Scenes;
			sourceTree = "<group>";
		};
		F3AE83AE236C207A0017AF2C /* Resources */ = {
			isa = PBXGroup;
			children = (
				F3AE8398236C20240017AF2C /* Assets.xcassets */,
			);
			path = Resources;
			sourceTree = "<group>";
		};
		F3AE83B9236C24550017AF2C /* Constants */ = {
			isa = PBXGroup;
			children = (
				F3AE83BA236C24740017AF2C /* FlightDirection.swift */,
				F3AE83BC236C24860017AF2C /* FlightStatus.swift */,
			);
			path = Constants;
			sourceTree = "<group>";
		};
		F3AE83DE236C35CC0017AF2C /* Sample Data */ = {
			isa = PBXGroup;
			children = (
				F3AE83DF236C35E50017AF2C /* SampleData.swift */,
			);
			path = "Sample Data";
			sourceTree = "<group>";
		};
		F3AE83E1236C36940017AF2C /* Flight Board */ = {
			isa = PBXGroup;
			children = (
				F307B6DE23F13FB600FA264E /* List Item */,
				F3AE841D236DDBBE0017AF2C /* Item Details */,
				F3AE83E2236C36A10017AF2C /* FlightBoard.swift */,
				F3AE83EE236D5F540017AF2C /* FlightBoardContainerView.swift */,
				F3AE83F0236D5F7D0017AF2C /* FlightBoardViewModel.swift */,
			);
			path = "Flight Board";
			sourceTree = "<group>";
		};
		F3AE841D236DDBBE0017AF2C /* Item Details */ = {
			isa = PBXGroup;
			children = (
				F3B6563C23EC978B00959505 /* Gate Details */,
				F3AE841E236DDBED0017AF2C /* FlightBoardItemDetails.swift */,
				F3B6563A23EBB15E00959505 /* FlightBoardItemDetails+ViewModel.swift */,
			);
			path = "Item Details";
			sourceTree = "<group>";
		};
		F3B6562223EAFC4E00959505 /* Awards */ = {
			isa = PBXGroup;
			children = (
				F3B6562323EAFC8400959505 /* AwardsContainerView.swift */,
				F307B6E523F1936F00FA264E /* Awards Grid */,
				F307B6E323F1934900FA264E /* Awards List */,
			);
			path = Awards;
			sourceTree = "<group>";
		};
		F3B6562923EB043000959505 /* Awards */ = {
			isa = PBXGroup;
			children = (
				F3B6562523EAFE4500959505 /* Award.swift */,
				F3B6562A23EB044400959505 /* Award+Computeds.swift */,
				F3B6563523EB8C9500959505 /* Award+BadgeView.swift */,
			);
			path = Awards;
			sourceTree = "<group>";
		};
		F3B6562C23EB06E900959505 /* Views */ = {
			isa = PBXGroup;
			children = (
				F307B6E823F1973700FA264E /* Grid View */,
				F3B6563723EB9F0900959505 /* Award Badges */,
			);
			path = Views;
			sourceTree = "<group>";
		};
		F3B6563723EB9F0900959505 /* Award Badges */ = {
			isa = PBXGroup;
			children = (
				F3B6562D23EB06FF00959505 /* FirstVisitAwardView.swift */,
				F3B6563823EB9F3E00959505 /* AirportLoungeAwardView.swift */,
				F3B6563323EB7E1600959505 /* RideShareToAirportAwardView.swift */,
			);
			path = "Award Badges";
			sourceTree = "<group>";
		};
		F3B6563C23EC978B00959505 /* Gate Details */ = {
			isa = PBXGroup;
			children = (
				F3B6563D23EC979A00959505 /* FlightGateDetailsView.swift */,
				F3B6563F23EC97A800959505 /* FlightGateDetailsView+ViewModel.swift */,
			);
			path = "Gate Details";
			sourceTree = "<group>";
		};
/* End PBXGroup section */

/* Begin PBXNativeTarget section */
		F3AE838E236C20210017AF2C /* MountainAirport */ = {
			isa = PBXNativeTarget;
			buildConfigurationList = F3AE83A3236C20240017AF2C /* Build configuration list for PBXNativeTarget "MountainAirport" */;
			buildPhases = (
				F3AE838B236C20210017AF2C /* Sources */,
				F3AE838C236C20210017AF2C /* Frameworks */,
				F3AE838D236C20210017AF2C /* Resources */,
			);
			buildRules = (
			);
			dependencies = (
			);
			name = MountainAirport;
			packageProductDependencies = (
				F3AE83A7236C204F0017AF2C /* CypherPoetSwiftUIKit */,
				F307B6EE23F1A0E900FA264E /* Burritos */,
			);
			productName = MountainAirport;
			productReference = F3AE838F236C20210017AF2C /* MountainAirport.app */;
			productType = "com.apple.product-type.application";
		};
/* End PBXNativeTarget section */

/* Begin PBXProject section */
		F3AE8387236C20210017AF2C /* Project object */ = {
			isa = PBXProject;
			attributes = {
				LastSwiftUpdateCheck = 1120;
				LastUpgradeCheck = 1120;
				ORGANIZATIONNAME = CypherPoet;
				TargetAttributes = {
					F3AE838E236C20210017AF2C = {
						CreatedOnToolsVersion = 11.2;
					};
				};
			};
			buildConfigurationList = F3AE838A236C20210017AF2C /* Build configuration list for PBXProject "MountainAirport" */;
			compatibilityVersion = "Xcode 9.3";
			developmentRegion = en;
			hasScannedForEncodings = 0;
			knownRegions = (
				en,
				Base,
			);
			mainGroup = F3AE8386236C20210017AF2C;
			packageReferences = (
				F3AE83A6236C204F0017AF2C /* XCRemoteSwiftPackageReference "CypherPoetSwiftUIKit" */,
				F307B6ED23F1A0E900FA264E /* XCRemoteSwiftPackageReference "Burritos" */,
			);
			productRefGroup = F3AE8390236C20210017AF2C /* Products */;
			projectDirPath = "";
			projectRoot = "";
			targets = (
				F3AE838E236C20210017AF2C /* MountainAirport */,
			);
		};
/* End PBXProject section */

/* Begin PBXResourcesBuildPhase section */
		F3AE838D236C20210017AF2C /* Resources */ = {
			isa = PBXResourcesBuildPhase;
			buildActionMask = 2147483647;
			files = (
				F3AE839F236C20240017AF2C /* LaunchScreen.storyboard in Resources */,
				F3AE839C236C20240017AF2C /* Preview Assets.xcassets in Resources */,
				F3AE8399236C20240017AF2C /* Assets.xcassets in Resources */,
			);
			runOnlyForDeploymentPostprocessing = 0;
		};
/* End PBXResourcesBuildPhase section */

/* Begin PBXSourcesBuildPhase section */
		F3AE838B236C20210017AF2C /* Sources */ = {
			isa = PBXSourcesBuildPhase;
			buildActionMask = 2147483647;
			files = (
				F3B6563923EB9F3E00959505 /* AirportLoungeAwardView.swift in Sources */,
				F3B6562823EAFEB900959505 /* AwardsState.swift in Sources */,
				F3B6563E23EC979A00959505 /* FlightGateDetailsView.swift in Sources */,
				F3AE8393236C20210017AF2C /* AppDelegate.swift in Sources */,
				F307B6E023F13FF200FA264E /* FlightBoardTimelineListItemView.swift in Sources */,
				F3B6563023EB176100959505 /* AwardsListView.swift in Sources */,
				F3B6562623EAFE4500959505 /* Award.swift in Sources */,
				F3AE8395236C20210017AF2C /* SceneDelegate.swift in Sources */,
				F3AE841F236DDBED0017AF2C /* FlightBoardItemDetails.swift in Sources */,
				F3B6562E23EB06FF00959505 /* FirstVisitAwardView.swift in Sources */,
				F307B6EA23F1974800FA264E /* GridView.swift in Sources */,
				F307B6EB23F198DD00FA264E /* AwardsGridView.swift in Sources */,
				F3B6563223EB178C00959505 /* AwardsListView+ViewModel.swift in Sources */,
				F3AE83B8236C22940017AF2C /* AppState.swift in Sources */,
				F3B6563623EB8C9500959505 /* Award+BadgeView.swift in Sources */,
				F3B6562B23EB044400959505 /* Award+Computeds.swift in Sources */,
				F3AE83E0236C35E50017AF2C /* SampleData.swift in Sources */,
				F3B6563423EB7E1600959505 /* RideShareToAirportAwardView.swift in Sources */,
				F3B6564023EC97A800959505 /* FlightGateDetailsView+ViewModel.swift in Sources */,
				F3AE83EF236D5F540017AF2C /* FlightBoardContainerView.swift in Sources */,
				F3AE83B2236C20F10017AF2C /* FlightInformation.swift in Sources */,
				F3AE83B0236C209E0017AF2C /* EntryView.swift in Sources */,
				F3AE83F1236D5F7D0017AF2C /* FlightBoardViewModel.swift in Sources */,
				F307B6F123F290CC00FA264E /* GridViewDemo.swift in Sources */,
				F3AE83B6236C22850017AF2C /* FlightInformationState.swift in Sources */,
				F3B6563B23EBB15E00959505 /* FlightBoardItemDetails+ViewModel.swift in Sources */,
				F3AE83BD236C24860017AF2C /* FlightStatus.swift in Sources */,
				F3AE83B4236C21120017AF2C /* FlightHistory.swift in Sources */,
				F3AE83E3236C36A10017AF2C /* FlightBoard.swift in Sources */,
				F3B6562423EAFC8400959505 /* AwardsContainerView.swift in Sources */,
				F307B6E223F1405500FA264E /* FlightBoardTimelineListItemView+ViewModel.swift in Sources */,
				F3AE83ED236D4B4A0017AF2C /* StackEntryView.swift in Sources */,
				F307B6EC23F198E000FA264E /* AwardsGridView+ViewModel.swift in Sources */,
				F3AE841C236DD8140017AF2C /* FlightBoardListItem.swift in Sources */,
				F307B6F323F2959800FA264E /* DemoIntroView.swift in Sources */,
				F3AE83BB236C24740017AF2C /* FlightDirection.swift in Sources */,
			);
			runOnlyForDeploymentPostprocessing = 0;
		};
/* End PBXSourcesBuildPhase section */

/* Begin PBXVariantGroup section */
		F3AE839D236C20240017AF2C /* LaunchScreen.storyboard */ = {
			isa = PBXVariantGroup;
			children = (
				F3AE839E236C20240017AF2C /* Base */,
			);
			name = LaunchScreen.storyboard;
			sourceTree = "<group>";
		};
/* End PBXVariantGroup section */

/* Begin XCBuildConfiguration section */
		F3AE83A1236C20240017AF2C /* Debug */ = {
			isa = XCBuildConfiguration;
			buildSettings = {
				ALWAYS_SEARCH_USER_PATHS = NO;
				CLANG_ANALYZER_NONNULL = YES;
				CLANG_ANALYZER_NUMBER_OBJECT_CONVERSION = YES_AGGRESSIVE;
				CLANG_CXX_LANGUAGE_STANDARD = "gnu++14";
				CLANG_CXX_LIBRARY = "libc++";
				CLANG_ENABLE_MODULES = YES;
				CLANG_ENABLE_OBJC_ARC = YES;
				CLANG_ENABLE_OBJC_WEAK = YES;
				CLANG_WARN_BLOCK_CAPTURE_AUTORELEASING = YES;
				CLANG_WARN_BOOL_CONVERSION = YES;
				CLANG_WARN_COMMA = YES;
				CLANG_WARN_CONSTANT_CONVERSION = YES;
				CLANG_WARN_DEPRECATED_OBJC_IMPLEMENTATIONS = YES;
				CLANG_WARN_DIRECT_OBJC_ISA_USAGE = YES_ERROR;
				CLANG_WARN_DOCUMENTATION_COMMENTS = YES;
				CLANG_WARN_EMPTY_BODY = YES;
				CLANG_WARN_ENUM_CONVERSION = YES;
				CLANG_WARN_INFINITE_RECURSION = YES;
				CLANG_WARN_INT_CONVERSION = YES;
				CLANG_WARN_NON_LITERAL_NULL_CONVERSION = YES;
				CLANG_WARN_OBJC_IMPLICIT_RETAIN_SELF = YES;
				CLANG_WARN_OBJC_LITERAL_CONVERSION = YES;
				CLANG_WARN_OBJC_ROOT_CLASS = YES_ERROR;
				CLANG_WARN_RANGE_LOOP_ANALYSIS = YES;
				CLANG_WARN_STRICT_PROTOTYPES = YES;
				CLANG_WARN_SUSPICIOUS_MOVE = YES;
				CLANG_WARN_UNGUARDED_AVAILABILITY = YES_AGGRESSIVE;
				CLANG_WARN_UNREACHABLE_CODE = YES;
				CLANG_WARN__DUPLICATE_METHOD_MATCH = YES;
				COPY_PHASE_STRIP = NO;
				DEBUG_INFORMATION_FORMAT = dwarf;
				ENABLE_STRICT_OBJC_MSGSEND = YES;
				ENABLE_TESTABILITY = YES;
				GCC_C_LANGUAGE_STANDARD = gnu11;
				GCC_DYNAMIC_NO_PIC = NO;
				GCC_NO_COMMON_BLOCKS = YES;
				GCC_OPTIMIZATION_LEVEL = 0;
				GCC_PREPROCESSOR_DEFINITIONS = (
					"DEBUG=1",
					"$(inherited)",
				);
				GCC_WARN_64_TO_32_BIT_CONVERSION = YES;
				GCC_WARN_ABOUT_RETURN_TYPE = YES_ERROR;
				GCC_WARN_UNDECLARED_SELECTOR = YES;
				GCC_WARN_UNINITIALIZED_AUTOS = YES_AGGRESSIVE;
				GCC_WARN_UNUSED_FUNCTION = YES;
				GCC_WARN_UNUSED_VARIABLE = YES;
				IPHONEOS_DEPLOYMENT_TARGET = 13.2;
				MTL_ENABLE_DEBUG_INFO = INCLUDE_SOURCE;
				MTL_FAST_MATH = YES;
				ONLY_ACTIVE_ARCH = YES;
				SDKROOT = iphoneos;
				SWIFT_ACTIVE_COMPILATION_CONDITIONS = DEBUG;
				SWIFT_OPTIMIZATION_LEVEL = "-Onone";
			};
			name = Debug;
		};
		F3AE83A2236C20240017AF2C /* Release */ = {
			isa = XCBuildConfiguration;
			buildSettings = {
				ALWAYS_SEARCH_USER_PATHS = NO;
				CLANG_ANALYZER_NONNULL = YES;
				CLANG_ANALYZER_NUMBER_OBJECT_CONVERSION = YES_AGGRESSIVE;
				CLANG_CXX_LANGUAGE_STANDARD = "gnu++14";
				CLANG_CXX_LIBRARY = "libc++";
				CLANG_ENABLE_MODULES = YES;
				CLANG_ENABLE_OBJC_ARC = YES;
				CLANG_ENABLE_OBJC_WEAK = YES;
				CLANG_WARN_BLOCK_CAPTURE_AUTORELEASING = YES;
				CLANG_WARN_BOOL_CONVERSION = YES;
				CLANG_WARN_COMMA = YES;
				CLANG_WARN_CONSTANT_CONVERSION = YES;
				CLANG_WARN_DEPRECATED_OBJC_IMPLEMENTATIONS = YES;
				CLANG_WARN_DIRECT_OBJC_ISA_USAGE = YES_ERROR;
				CLANG_WARN_DOCUMENTATION_COMMENTS = YES;
				CLANG_WARN_EMPTY_BODY = YES;
				CLANG_WARN_ENUM_CONVERSION = YES;
				CLANG_WARN_INFINITE_RECURSION = YES;
				CLANG_WARN_INT_CONVERSION = YES;
				CLANG_WARN_NON_LITERAL_NULL_CONVERSION = YES;
				CLANG_WARN_OBJC_IMPLICIT_RETAIN_SELF = YES;
				CLANG_WARN_OBJC_LITERAL_CONVERSION = YES;
				CLANG_WARN_OBJC_ROOT_CLASS = YES_ERROR;
				CLANG_WARN_RANGE_LOOP_ANALYSIS = YES;
				CLANG_WARN_STRICT_PROTOTYPES = YES;
				CLANG_WARN_SUSPICIOUS_MOVE = YES;
				CLANG_WARN_UNGUARDED_AVAILABILITY = YES_AGGRESSIVE;
				CLANG_WARN_UNREACHABLE_CODE = YES;
				CLANG_WARN__DUPLICATE_METHOD_MATCH = YES;
				COPY_PHASE_STRIP = NO;
				DEBUG_INFORMATION_FORMAT = "dwarf-with-dsym";
				ENABLE_NS_ASSERTIONS = NO;
				ENABLE_STRICT_OBJC_MSGSEND = YES;
				GCC_C_LANGUAGE_STANDARD = gnu11;
				GCC_NO_COMMON_BLOCKS = YES;
				GCC_WARN_64_TO_32_BIT_CONVERSION = YES;
				GCC_WARN_ABOUT_RETURN_TYPE = YES_ERROR;
				GCC_WARN_UNDECLARED_SELECTOR = YES;
				GCC_WARN_UNINITIALIZED_AUTOS = YES_AGGRESSIVE;
				GCC_WARN_UNUSED_FUNCTION = YES;
				GCC_WARN_UNUSED_VARIABLE = YES;
				IPHONEOS_DEPLOYMENT_TARGET = 13.2;
				MTL_ENABLE_DEBUG_INFO = NO;
				MTL_FAST_MATH = YES;
				SDKROOT = iphoneos;
				SWIFT_COMPILATION_MODE = wholemodule;
				SWIFT_OPTIMIZATION_LEVEL = "-O";
				VALIDATE_PRODUCT = YES;
			};
			name = Release;
		};
		F3AE83A4236C20240017AF2C /* Debug */ = {
			isa = XCBuildConfiguration;
			buildSettings = {
				ASSETCATALOG_COMPILER_APPICON_NAME = AppIcon;
				CODE_SIGN_STYLE = Automatic;
				DEVELOPMENT_ASSET_PATHS = "\"MountainAirport/Preview Content\"";
				DEVELOPMENT_TEAM = QRXXH2RKAG;
				ENABLE_PREVIEWS = YES;
				INFOPLIST_FILE = MountainAirport/Info.plist;
				LD_RUNPATH_SEARCH_PATHS = (
					"$(inherited)",
					"@executable_path/Frameworks",
				);
				PRODUCT_BUNDLE_IDENTIFIER = io.github.cypherpoet.MountainAirport;
				PRODUCT_NAME = "$(TARGET_NAME)";
				SWIFT_VERSION = 5.0;
				TARGETED_DEVICE_FAMILY = "1,2";
			};
			name = Debug;
		};
		F3AE83A5236C20240017AF2C /* Release */ = {
			isa = XCBuildConfiguration;
			buildSettings = {
				ASSETCATALOG_COMPILER_APPICON_NAME = AppIcon;
				CODE_SIGN_STYLE = Automatic;
				DEVELOPMENT_ASSET_PATHS = "\"MountainAirport/Preview Content\"";
				DEVELOPMENT_TEAM = QRXXH2RKAG;
				ENABLE_PREVIEWS = YES;
				INFOPLIST_FILE = MountainAirport/Info.plist;
				LD_RUNPATH_SEARCH_PATHS = (
					"$(inherited)",
					"@executable_path/Frameworks",
				);
				PRODUCT_BUNDLE_IDENTIFIER = io.github.cypherpoet.MountainAirport;
				PRODUCT_NAME = "$(TARGET_NAME)";
				SWIFT_VERSION = 5.0;
				TARGETED_DEVICE_FAMILY = "1,2";
			};
			name = Release;
		};
/* End XCBuildConfiguration section */

/* Begin XCConfigurationList section */
		F3AE838A236C20210017AF2C /* Build configuration list for PBXProject "MountainAirport" */ = {
			isa = XCConfigurationList;
			buildConfigurations = (
				F3AE83A1236C20240017AF2C /* Debug */,
				F3AE83A2236C20240017AF2C /* Release */,
			);
			defaultConfigurationIsVisible = 0;
			defaultConfigurationName = Release;
		};
		F3AE83A3236C20240017AF2C /* Build configuration list for PBXNativeTarget "MountainAirport" */ = {
			isa = XCConfigurationList;
			buildConfigurations = (
				F3AE83A4236C20240017AF2C /* Debug */,
				F3AE83A5236C20240017AF2C /* Release */,
			);
			defaultConfigurationIsVisible = 0;
			defaultConfigurationName = Release;
		};
/* End XCConfigurationList section */

/* Begin XCRemoteSwiftPackageReference section */
		F307B6ED23F1A0E900FA264E /* XCRemoteSwiftPackageReference "Burritos" */ = {
			isa = XCRemoteSwiftPackageReference;
			repositoryURL = "https://github.com/guillermomuntaner/Burritos.git";
			requirement = {
				kind = upToNextMajorVersion;
				minimumVersion = 0.0.3;
			};
		};
		F3AE83A6236C204F0017AF2C /* XCRemoteSwiftPackageReference "CypherPoetSwiftUIKit" */ = {
			isa = XCRemoteSwiftPackageReference;
			repositoryURL = "https://github.com/CypherPoet/CypherPoetSwiftUIKit.git";
			requirement = {
				kind = upToNextMajorVersion;
				minimumVersion = 0.0.21;
			};
		};
/* End XCRemoteSwiftPackageReference section */

/* Begin XCSwiftPackageProductDependency section */
		F307B6EE23F1A0E900FA264E /* Burritos */ = {
			isa = XCSwiftPackageProductDependency;
			package = F307B6ED23F1A0E900FA264E /* XCRemoteSwiftPackageReference "Burritos" */;
			productName = Burritos;
		};
		F3AE83A7236C204F0017AF2C /* CypherPoetSwiftUIKit */ = {
			isa = XCSwiftPackageProductDependency;
			package = F3AE83A6236C204F0017AF2C /* XCRemoteSwiftPackageReference "CypherPoetSwiftUIKit" */;
			productName = CypherPoetSwiftUIKit;
		};
/* End XCSwiftPackageProductDependency section */
	};
	rootObject = F3AE8387236C20210017AF2C /* Project object */;
}
