{
  "object": {
    "pins": [
      {
        "package": "Burritos",
        "repositoryURL": "https://github.com/guillermomuntaner/Burritos.git",
        "state": {
          "branch": null,
          "revision": "309dbe1b5b3af8839ca6a7ebb2ad6ddf041bf420",
          "version": "0.0.3"
        }
      },
      {
        "package": "CypherPoetSwiftUIKit",
        "repositoryURL": "https://github.com/CypherPoet/CypherPoetSwiftUIKit.git",
        "state": {
          "branch": null,
          "revision": "c8a3ad97acb42ff91708a014ddec73d63bacb55b",
          "version": "0.0.36"
        }
      }
    ]
  },
  "version": 1
}
