// !$*UTF8*$!
{
	archiveVersion = 1;
	classes = {
	};
	objectVersion = 52;
	objects = {

/* Begin PBXBuildFile section */
		F3562F582353D00D00BD7068 /* AppDelegate.swift in Sources */ = {isa = PBXBuildFile; fileRef = F3562F572353D00D00BD7068 /* AppDelegate.swift */; };
		F3562F5A2353D00D00BD7068 /* ContentView.swift in Sources */ = {isa = PBXBuildFile; fileRef = F3562F592353D00D00BD7068 /* ContentView.swift */; };
		F3562F5C2353D00E00BD7068 /* Assets.xcassets in Resources */ = {isa = PBXBuildFile; fileRef = F3562F5B2353D00E00BD7068 /* Assets.xcassets */; };
		F3562F5F2353D00E00BD7068 /* Preview Assets.xcassets in Resources */ = {isa = PBXBuildFile; fileRef = F3562F5E2353D00E00BD7068 /* Preview Assets.xcassets */; };
		F3562F622353D00E00BD7068 /* LaunchScreen.storyboard in Resources */ = {isa = PBXBuildFile; fileRef = F3562F602353D00E00BD7068 /* LaunchScreen.storyboard */; };
		F3562F6C2353D04E00BD7068 /* Game in Frameworks */ = {isa = PBXBuildFile; productRef = F3562F6B2353D04E00BD7068 /* Game */; };
/* End PBXBuildFile section */

/* Begin PBXFileReference section */
		F3562F542353D00D00BD7068 /* TVBullseye.app */ = {isa = PBXFileReference; explicitFileType = wrapper.application; includeInIndex = 0; path = TVBullseye.app; sourceTree = BUILT_PRODUCTS_DIR; };
		F3562F572353D00D00BD7068 /* AppDelegate.swift */ = {isa = PBXFileReference; lastKnownFileType = sourcecode.swift; path = AppDelegate.swift; sourceTree = "<group>"; };
		F3562F592353D00D00BD7068 /* ContentView.swift */ = {isa = PBXFileReference; lastKnownFileType = sourcecode.swift; path = ContentView.swift; sourceTree = "<group>"; };
		F3562F5B2353D00E00BD7068 /* Assets.xcassets */ = {isa = PBXFileReference; lastKnownFileType = folder.assetcatalog; path = Assets.xcassets; sourceTree = "<group>"; };
		F3562F5E2353D00E00BD7068 /* Preview Assets.xcassets */ = {isa = PBXFileReference; lastKnownFileType = folder.assetcatalog; path = "Preview Assets.xcassets"; sourceTree = "<group>"; };
		F3562F612353D00E00BD7068 /* Base */ = {isa = PBXFileReference; lastKnownFileType = file.storyboard; name = Base; path = Base.lproj/LaunchScreen.storyboard; sourceTree = "<group>"; };
		F3562F632353D00E00BD7068 /* Info.plist */ = {isa = PBXFileReference; lastKnownFileType = text.plist.xml; path = Info.plist; sourceTree = "<group>"; };
		F3562F692353D03700BD7068 /* Game */ = {isa = PBXFileReference; lastKnownFileType = folder; name = Game; path = ../Packages/Game; sourceTree = "<group>"; };
/* End PBXFileReference section */

/* Begin PBXFrameworksBuildPhase section */
		F3562F512353D00D00BD7068 /* Frameworks */ = {
			isa = PBXFrameworksBuildPhase;
			buildActionMask = 2147483647;
			files = (
				F3562F6C2353D04E00BD7068 /* Game in Frameworks */,
			);
			runOnlyForDeploymentPostprocessing = 0;
		};
/* End PBXFrameworksBuildPhase section */

/* Begin PBXGroup section */
		F3562F4B2353D00D00BD7068 = {
			isa = PBXGroup;
			children = (
				F3562F692353D03700BD7068 /* Game */,
				F3562F562353D00D00BD7068 /* TVBullseye */,
				F3562F552353D00D00BD7068 /* Products */,
				F3562F6A2353D04E00BD7068 /* Frameworks */,
			);
			sourceTree = "<group>";
		};
		F3562F552353D00D00BD7068 /* Products */ = {
			isa = PBXGroup;
			children = (
				F3562F542353D00D00BD7068 /* TVBullseye.app */,
			);
			name = Products;
			sourceTree = "<group>";
		};
		F3562F562353D00D00BD7068 /* TVBullseye */ = {
			isa = PBXGroup;
			children = (
				F3562F572353D00D00BD7068 /* AppDelegate.swift */,
				F3562F592353D00D00BD7068 /* ContentView.swift */,
				F3562F5B2353D00E00BD7068 /* Assets.xcassets */,
				F3562F602353D00E00BD7068 /* LaunchScreen.storyboard */,
				F3562F632353D00E00BD7068 /* Info.plist */,
				F3562F5D2353D00E00BD7068 /* Preview Content */,
			);
			path = TVBullseye;
			sourceTree = "<group>";
		};
		F3562F5D2353D00E00BD7068 /* Preview Content */ = {
			isa = PBXGroup;
			children = (
				F3562F5E2353D00E00BD7068 /* Preview Assets.xcassets */,
			);
			path = "Preview Content";
			sourceTree = "<group>";
		};
		F3562F6A2353D04E00BD7068 /* Frameworks */ = {
			isa = PBXGroup;
			children = (
			);
			name = Frameworks;
			sourceTree = "<group>";
		};
/* End PBXGroup section */

/* Begin PBXNativeTarget section */
		F3562F532353D00D00BD7068 /* TVBullseye */ = {
			isa = PBXNativeTarget;
			buildConfigurationList = F3562F662353D00E00BD7068 /* Build configuration list for PBXNativeTarget "TVBullseye" */;
			buildPhases = (
				F3562F502353D00D00BD7068 /* Sources */,
				F3562F512353D00D00BD7068 /* Frameworks */,
				F3562F522353D00D00BD7068 /* Resources */,
			);
			buildRules = (
			);
			dependencies = (
			);
			name = TVBullseye;
			packageProductDependencies = (
				F3562F6B2353D04E00BD7068 /* Game */,
			);
			productName = TVBullseye;
			productReference = F3562F542353D00D00BD7068 /* TVBullseye.app */;
			productType = "com.apple.product-type.application";
		};
/* End PBXNativeTarget section */

/* Begin PBXProject section */
		F3562F4C2353D00D00BD7068 /* Project object */ = {
			isa = PBXProject;
			attributes = {
				LastSwiftUpdateCheck = 1110;
				LastUpgradeCheck = 1110;
				ORGANIZATIONNAME = CypherPoet;
				TargetAttributes = {
					F3562F532353D00D00BD7068 = {
						CreatedOnToolsVersion = 11.1;
					};
				};
			};
			buildConfigurationList = F3562F4F2353D00D00BD7068 /* Build configuration list for PBXProject "TVBullseye" */;
			compatibilityVersion = "Xcode 9.3";
			developmentRegion = en;
			hasScannedForEncodings = 0;
			knownRegions = (
				en,
				Base,
			);
			mainGroup = F3562F4B2353D00D00BD7068;
			productRefGroup = F3562F552353D00D00BD7068 /* Products */;
			projectDirPath = "";
			projectRoot = "";
			targets = (
				F3562F532353D00D00BD7068 /* TVBullseye */,
			);
		};
/* End PBXProject section */

/* Begin PBXResourcesBuildPhase section */
		F3562F522353D00D00BD7068 /* Resources */ = {
			isa = PBXResourcesBuildPhase;
			buildActionMask = 2147483647;
			files = (
				F3562F622353D00E00BD7068 /* LaunchScreen.storyboard in Resources */,
				F3562F5F2353D00E00BD7068 /* Preview Assets.xcassets in Resources */,
				F3562F5C2353D00E00BD7068 /* Assets.xcassets in Resources */,
			);
			runOnlyForDeploymentPostprocessing = 0;
		};
/* End PBXResourcesBuildPhase section */

/* Begin PBXSourcesBuildPhase section */
		F3562F502353D00D00BD7068 /* Sources */ = {
			isa = PBXSourcesBuildPhase;
			buildActionMask = 2147483647;
			files = (
				F3562F5A2353D00D00BD7068 /* ContentView.swift in Sources */,
				F3562F582353D00D00BD7068 /* AppDelegate.swift in Sources */,
			);
			runOnlyForDeploymentPostprocessing = 0;
		};
/* End PBXSourcesBuildPhase section */

/* Begin PBXVariantGroup section */
		F3562F602353D00E00BD7068 /* LaunchScreen.storyboard */ = {
			isa = PBXVariantGroup;
			children = (
				F3562F612353D00E00BD7068 /* Base */,
			);
			name = LaunchScreen.storyboard;
			sourceTree = "<group>";
		};
/* End PBXVariantGroup section */

/* Begin XCBuildConfiguration section */
		F3562F642353D00E00BD7068 /* Debug */ = {
			isa = XCBuildConfiguration;
			buildSettings = {
				ALWAYS_SEARCH_USER_PATHS = NO;
				CLANG_ANALYZER_NONNULL = YES;
				CLANG_ANALYZER_NUMBER_OBJECT_CONVERSION = YES_AGGRESSIVE;
				CLANG_CXX_LANGUAGE_STANDARD = "gnu++14";
				CLANG_CXX_LIBRARY = "libc++";
				CLANG_ENABLE_MODULES = YES;
				CLANG_ENABLE_OBJC_ARC = YES;
				CLANG_ENABLE_OBJC_WEAK = YES;
				CLANG_WARN_BLOCK_CAPTURE_AUTORELEASING = YES;
				CLANG_WARN_BOOL_CONVERSION = YES;
				CLANG_WARN_COMMA = YES;
				CLANG_WARN_CONSTANT_CONVERSION = YES;
				CLANG_WARN_DEPRECATED_OBJC_IMPLEMENTATIONS = YES;
				CLANG_WARN_DIRECT_OBJC_ISA_USAGE = YES_ERROR;
				CLANG_WARN_DOCUMENTATION_COMMENTS = YES;
				CLANG_WARN_EMPTY_BODY = YES;
				CLANG_WARN_ENUM_CONVERSION = YES;
				CLANG_WARN_INFINITE_RECURSION = YES;
				CLANG_WARN_INT_CONVERSION = YES;
				CLANG_WARN_NON_LITERAL_NULL_CONVERSION = YES;
				CLANG_WARN_OBJC_IMPLICIT_RETAIN_SELF = YES;
				CLANG_WARN_OBJC_LITERAL_CONVERSION = YES;
				CLANG_WARN_OBJC_ROOT_CLASS = YES_ERROR;
				CLANG_WARN_RANGE_LOOP_ANALYSIS = YES;
				CLANG_WARN_STRICT_PROTOTYPES = YES;
				CLANG_WARN_SUSPICIOUS_MOVE = YES;
				CLANG_WARN_UNGUARDED_AVAILABILITY = YES_AGGRESSIVE;
				CLANG_WARN_UNREACHABLE_CODE = YES;
				CLANG_WARN__DUPLICATE_METHOD_MATCH = YES;
				COPY_PHASE_STRIP = NO;
				DEBUG_INFORMATION_FORMAT = dwarf;
				ENABLE_STRICT_OBJC_MSGSEND = YES;
				ENABLE_TESTABILITY = YES;
				GCC_C_LANGUAGE_STANDARD = gnu11;
				GCC_DYNAMIC_NO_PIC = NO;
				GCC_NO_COMMON_BLOCKS = YES;
				GCC_OPTIMIZATION_LEVEL = 0;
				GCC_PREPROCESSOR_DEFINITIONS = (
					"DEBUG=1",
					"$(inherited)",
				);
				GCC_WARN_64_TO_32_BIT_CONVERSION = YES;
				GCC_WARN_ABOUT_RETURN_TYPE = YES_ERROR;
				GCC_WARN_UNDECLARED_SELECTOR = YES;
				GCC_WARN_UNINITIALIZED_AUTOS = YES_AGGRESSIVE;
				GCC_WARN_UNUSED_FUNCTION = YES;
				GCC_WARN_UNUSED_VARIABLE = YES;
				MTL_ENABLE_DEBUG_INFO = INCLUDE_SOURCE;
				MTL_FAST_MATH = YES;
				ONLY_ACTIVE_ARCH = YES;
				SDKROOT = appletvos;
				SWIFT_ACTIVE_COMPILATION_CONDITIONS = DEBUG;
				SWIFT_OPTIMIZATION_LEVEL = "-Onone";
				TVOS_DEPLOYMENT_TARGET = 13.0;
			};
			name = Debug;
		};
		F3562F652353D00E00BD7068 /* Release */ = {
			isa = XCBuildConfiguration;
			buildSettings = {
				ALWAYS_SEARCH_USER_PATHS = NO;
				CLANG_ANALYZER_NONNULL = YES;
				CLANG_ANALYZER_NUMBER_OBJECT_CONVERSION = YES_AGGRESSIVE;
				CLANG_CXX_LANGUAGE_STANDARD = "gnu++14";
				CLANG_CXX_LIBRARY = "libc++";
				CLANG_ENABLE_MODULES = YES;
				CLANG_ENABLE_OBJC_ARC = YES;
				CLANG_ENABLE_OBJC_WEAK = YES;
				CLANG_WARN_BLOCK_CAPTURE_AUTORELEASING = YES;
				CLANG_WARN_BOOL_CONVERSION = YES;
				CLANG_WARN_COMMA = YES;
				CLANG_WARN_CONSTANT_CONVERSION = YES;
				CLANG_WARN_DEPRECATED_OBJC_IMPLEMENTATIONS = YES;
				CLANG_WARN_DIRECT_OBJC_ISA_USAGE = YES_ERROR;
				CLANG_WARN_DOCUMENTATION_COMMENTS = YES;
				CLANG_WARN_EMPTY_BODY = YES;
				CLANG_WARN_ENUM_CONVERSION = YES;
				CLANG_WARN_INFINITE_RECURSION = YES;
				CLANG_WARN_INT_CONVERSION = YES;
				CLANG_WARN_NON_LITERAL_NULL_CONVERSION = YES;
				CLANG_WARN_OBJC_IMPLICIT_RETAIN_SELF = YES;
				CLANG_WARN_OBJC_LITERAL_CONVERSION = YES;
				CLANG_WARN_OBJC_ROOT_CLASS = YES_ERROR;
				CLANG_WARN_RANGE_LOOP_ANALYSIS = YES;
				CLANG_WARN_STRICT_PROTOTYPES = YES;
				CLANG_WARN_SUSPICIOUS_MOVE = YES;
				CLANG_WARN_UNGUARDED_AVAILABILITY = YES_AGGRESSIVE;
				CLANG_WARN_UNREACHABLE_CODE = YES;
				CLANG_WARN__DUPLICATE_METHOD_MATCH = YES;
				COPY_PHASE_STRIP = NO;
				DEBUG_INFORMATION_FORMAT = "dwarf-with-dsym";
				ENABLE_NS_ASSERTIONS = NO;
				ENABLE_STRICT_OBJC_MSGSEND = YES;
				GCC_C_LANGUAGE_STANDARD = gnu11;
				GCC_NO_COMMON_BLOCKS = YES;
				GCC_WARN_64_TO_32_BIT_CONVERSION = YES;
				GCC_WARN_ABOUT_RETURN_TYPE = YES_ERROR;
				GCC_WARN_UNDECLARED_SELECTOR = YES;
				GCC_WARN_UNINITIALIZED_AUTOS = YES_AGGRESSIVE;
				GCC_WARN_UNUSED_FUNCTION = YES;
				GCC_WARN_UNUSED_VARIABLE = YES;
				MTL_ENABLE_DEBUG_INFO = NO;
				MTL_FAST_MATH = YES;
				SDKROOT = appletvos;
				SWIFT_COMPILATION_MODE = wholemodule;
				SWIFT_OPTIMIZATION_LEVEL = "-O";
				TVOS_DEPLOYMENT_TARGET = 13.0;
				VALIDATE_PRODUCT = YES;
			};
			name = Release;
		};
		F3562F672353D00E00BD7068 /* Debug */ = {
			isa = XCBuildConfiguration;
			buildSettings = {
				ASSETCATALOG_COMPILER_APPICON_NAME = "App Icon & Top Shelf Image";
				CODE_SIGN_STYLE = Automatic;
				DEVELOPMENT_ASSET_PATHS = "\"TVBullseye/Preview Content\"";
				DEVELOPMENT_TEAM = QRXXH2RKAG;
				ENABLE_PREVIEWS = YES;
				INFOPLIST_FILE = TVBullseye/Info.plist;
				LD_RUNPATH_SEARCH_PATHS = (
					"$(inherited)",
					"@executable_path/Frameworks",
				);
				PRODUCT_BUNDLE_IDENTIFIER = io.github.cypherpoet.TVBullseye;
				PRODUCT_NAME = "$(TARGET_NAME)";
				SWIFT_VERSION = 5.0;
				TARGETED_DEVICE_FAMILY = 3;
			};
			name = Debug;
		};
		F3562F682353D00E00BD7068 /* Release */ = {
			isa = XCBuildConfiguration;
			buildSettings = {
				ASSETCATALOG_COMPILER_APPICON_NAME = "App Icon & Top Shelf Image";
				CODE_SIGN_STYLE = Automatic;
				DEVELOPMENT_ASSET_PATHS = "\"TVBullseye/Preview Content\"";
				DEVELOPMENT_TEAM = QRXXH2RKAG;
				ENABLE_PREVIEWS = YES;
				INFOPLIST_FILE = TVBullseye/Info.plist;
				LD_RUNPATH_SEARCH_PATHS = (
					"$(inherited)",
					"@executable_path/Frameworks",
				);
				PRODUCT_BUNDLE_IDENTIFIER = io.github.cypherpoet.TVBullseye;
				PRODUCT_NAME = "$(TARGET_NAME)";
				SWIFT_VERSION = 5.0;
				TARGETED_DEVICE_FAMILY = 3;
			};
			name = Release;
		};
/* End XCBuildConfiguration section */

/* Begin XCConfigurationList section */
		F3562F4F2353D00D00BD7068 /* Build configuration list for PBXProject "TVBullseye" */ = {
			isa = XCConfigurationList;
			buildConfigurations = (
				F3562F642353D00E00BD7068 /* Debug */,
				F3562F652353D00E00BD7068 /* Release */,
			);
			defaultConfigurationIsVisible = 0;
			defaultConfigurationName = Release;
		};
		F3562F662353D00E00BD7068 /* Build configuration list for PBXNativeTarget "TVBullseye" */ = {
			isa = XCConfigurationList;
			buildConfigurations = (
				F3562F672353D00E00BD7068 /* Debug */,
				F3562F682353D00E00BD7068 /* Release */,
			);
			defaultConfigurationIsVisible = 0;
			defaultConfigurationName = Release;
		};
/* End XCConfigurationList section */

/* Begin XCSwiftPackageProductDependency section */
		F3562F6B2353D04E00BD7068 /* Game */ = {
			isa = XCSwiftPackageProductDependency;
			productName = Game;
		};
/* End XCSwiftPackageProductDependency section */
	};
	rootObject = F3562F4C2353D00D00BD7068 /* Project object */;
}
